
Microsoft Visual Studio Solution File, Format Version 12.00
# Visual Studio 14
VisualStudioVersion = 14.0.24720.0
MinimumVisualStudioVersion = 10.0.40219.1
Project("{FAE04EC0-301F-11D3-BF4B-00C04F79EFBC}") = "Certificados.Negocio", "Certificados.Negocio\Certificados.Negocio.csproj", "{D529B3F9-4B6D-41F0-BC8F-BEE9EE7C497F}"
EndProject
Project("{FAE04EC0-301F-11D3-BF4B-00C04F79EFBC}") = "Certificados.Negocio.UnitTests", "Certificados.Negocio.UnitTests\Certificados.Negocio.UnitTests.csproj", "{EBB7EAC9-C972-4AD0-ACAA-616D4A813476}"
EndProject
Project("{2150E333-8FDC-42A3-9474-1A3956D46DE8}") = "Referencias", "Referencias", "{201BBA4D-CA21-4DFF-B893-C95E12D40E49}"
	ProjectSection(SolutionItems) = preProject
		Referencias\Mapeable.ComparacionesParaPruebasUnitarias.dll = Referencias\Mapeable.ComparacionesParaPruebasUnitarias.dll
		Referencias\Mapeable.dll = Referencias\Mapeable.dll
	EndProjectSection
EndProject
Project("{FAE04EC0-301F-11D3-BF4B-00C04F79EFBC}") = "WebApplication1", "WebApplication1\WebApplication1.csproj", "{81E520BB-C980-48F6-B5C7-A6DCAC0503BA}"
EndProject
Project("{FAE04EC0-301F-11D3-BF4B-00C04F79EFBC}") = "Certificados.DS.UnitTests", "Certificados.DS.UnitTests\Certificados.DS.UnitTests.csproj", "{39046B32-3D4C-4239-A48A-93EB22219187}"
EndProject
Project("{FAE04EC0-301F-11D3-BF4B-00C04F79EFBC}") = "Certificados.DS", "Certificados.DS\Certificados.DS.csproj", "{F35D0865-E782-4F4A-AA82-AC4FA713952C}"
EndProject
Project("{FAE04EC0-301F-11D3-BF4B-00C04F79EFBC}") = "WebApplication1.UnitTests", "WebApplication1.UnitTests\WebApplication1.UnitTests.csproj", "{AC1CA62B-40A6-467D-A8F4-FB83D190FDA7}"
EndProject
Global
	GlobalSection(SolutionConfigurationPlatforms) = preSolution
		Debug|Any CPU = Debug|Any CPU
		Release|Any CPU = Release|Any CPU
	EndGlobalSection
	GlobalSection(ProjectConfigurationPlatforms) = postSolution
		{D529B3F9-4B6D-41F0-BC8F-BEE9EE7C497F}.Debug|Any CPU.ActiveCfg = Debug|Any CPU
		{D529B3F9-4B6D-41F0-BC8F-BEE9EE7C497F}.Debug|Any CPU.Build.0 = Debug|Any CPU
		{D529B3F9-4B6D-41F0-BC8F-BEE9EE7C497F}.Release|Any CPU.ActiveCfg = Release|Any CPU
		{D529B3F9-4B6D-41F0-BC8F-BEE9EE7C497F}.Release|Any CPU.Build.0 = Release|Any CPU
		{EBB7EAC9-C972-4AD0-ACAA-616D4A813476}.Debug|Any CPU.ActiveCfg = Debug|Any CPU
		{EBB7EAC9-C972-4AD0-ACAA-616D4A813476}.Debug|Any CPU.Build.0 = Debug|Any CPU
		{EBB7EAC9-C972-4AD0-ACAA-616D4A813476}.Release|Any CPU.ActiveCfg = Release|Any CPU
		{EBB7EAC9-C972-4AD0-ACAA-616D4A813476}.Release|Any CPU.Build.0 = Release|Any CPU
		{81E520BB-C980-48F6-B5C7-A6DCAC0503BA}.Debug|Any CPU.ActiveCfg = Debug|Any CPU
		{81E520BB-C980-48F6-B5C7-A6DCAC0503BA}.Debug|Any CPU.Build.0 = Debug|Any CPU
		{81E520BB-C980-48F6-B5C7-A6DCAC0503BA}.Release|Any CPU.ActiveCfg = Release|Any CPU
		{81E520BB-C980-48F6-B5C7-A6DCAC0503BA}.Release|Any CPU.Build.0 = Release|Any CPU
		{39046B32-3D4C-4239-A48A-93EB22219187}.Debug|Any CPU.ActiveCfg = Debug|Any CPU
		{39046B32-3D4C-4239-A48A-93EB22219187}.Debug|Any CPU.Build.0 = Debug|Any CPU
		{39046B32-3D4C-4239-A48A-93EB22219187}.Release|Any CPU.ActiveCfg = Release|Any CPU
		{39046B32-3D4C-4239-A48A-93EB22219187}.Release|Any CPU.Build.0 = Release|Any CPU
		{F35D0865-E782-4F4A-AA82-AC4FA713952C}.Debug|Any CPU.ActiveCfg = Debug|Any CPU
		{F35D0865-E782-4F4A-AA82-AC4FA713952C}.Debug|Any CPU.Build.0 = Debug|Any CPU
		{F35D0865-E782-4F4A-AA82-AC4FA713952C}.Release|Any CPU.ActiveCfg = Release|Any CPU
		{F35D0865-E782-4F4A-AA82-AC4FA713952C}.Release|Any CPU.Build.0 = Release|Any CPU
		{AC1CA62B-40A6-467D-A8F4-FB83D190FDA7}.Debug|Any CPU.ActiveCfg = Debug|Any CPU
		{AC1CA62B-40A6-467D-A8F4-FB83D190FDA7}.Debug|Any CPU.Build.0 = Debug|Any CPU
		{AC1CA62B-40A6-467D-A8F4-FB83D190FDA7}.Release|Any CPU.ActiveCfg = Release|Any CPU
		{AC1CA62B-40A6-467D-A8F4-FB83D190FDA7}.Release|Any CPU.Build.0 = Release|Any CPU
	EndGlobalSection
	GlobalSection(SolutionProperties) = preSolution
		HideSolutionNode = FALSE
	EndGlobalSection
EndGlobal
