
Microsoft Visual Studio Solution File, Format Version 12.00
# Visual Studio 14
VisualStudioVersion = 14.0.24720.0
MinimumVisualStudioVersion = 10.0.40219.1
Project("{FAE04EC0-301F-11D3-BF4B-00C04F79EFBC}") = "Certificados.Negocio", "Certificados.Negocio\Certificados.Negocio.csproj", "{D529B3F9-4B6D-41F0-BC8F-BEE9EE7C497F}"
EndProject
Project("{FAE04EC0-301F-11D3-BF4B-00C04F79EFBC}") = "Certificados.Negocio.UnitTests", "Certificados.Negocio.UnitTests\Certificados.Negocio.UnitTests.csproj", "{EBB7EAC9-C972-4AD0-ACAA-616D4A813476}"
EndProject
Global
	GlobalSection(SolutionConfigurationPlatforms) = preSolution
		Debug|Any CPU = Debug|Any CPU
		Release|Any CPU = Release|Any CPU
	EndGlobalSection
	GlobalSection(ProjectConfigurationPlatforms) = postSolution
		{D529B3F9-4B6D-41F0-BC8F-BEE9EE7C497F}.Debug|Any CPU.ActiveCfg = Debug|Any CPU
		{D529B3F9-4B6D-41F0-BC8F-BEE9EE7C497F}.Debug|Any CPU.Build.0 = Debug|Any CPU
		{D529B3F9-4B6D-41F0-BC8F-BEE9EE7C497F}.Release|Any CPU.ActiveCfg = Release|Any CPU
		{D529B3F9-4B6D-41F0-BC8F-BEE9EE7C497F}.Release|Any CPU.Build.0 = Release|Any CPU
		{EBB7EAC9-C972-4AD0-ACAA-616D4A813476}.Debug|Any CPU.ActiveCfg = Debug|Any CPU
		{EBB7EAC9-C972-4AD0-ACAA-616D4A813476}.Debug|Any CPU.Build.0 = Debug|Any CPU
		{EBB7EAC9-C972-4AD0-ACAA-616D4A813476}.Release|Any CPU.ActiveCfg = Release|Any CPU
		{EBB7EAC9-C972-4AD0-ACAA-616D4A813476}.Release|Any CPU.Build.0 = Release|Any CPU
	EndGlobalSection
	GlobalSection(SolutionProperties) = preSolution
		HideSolutionNode = FALSE
	EndGlobalSection
EndGlobal
